
Microsoft Visual Studio Solution File, Format Version 12.00
# Visual Studio 15
VisualStudioVersion = 15.0.26430.15
MinimumVisualStudioVersion = 10.0.40219.1
Project("{D954291E-2A0B-460D-934E-DC6B0785DB48}") = "MovieDatabase", "MovieDatabase\MovieDatabase\MovieDatabase.shproj", "{A9040A6C-84C1-4621-9149-B1E341C6A9A7}"
EndProject
Project("{FAE04EC0-301F-11D3-BF4B-00C04F79EFBC}") = "MovieDatabase.Android", "MovieDatabase\MovieDatabase.Android\MovieDatabase.Android.csproj", "{13766990-E617-4613-AB7B-290EC7117C56}"
EndProject
Project("{FAE04EC0-301F-11D3-BF4B-00C04F79EFBC}") = "MovieDatabase.iOS", "MovieDatabase\MovieDatabase.iOS\MovieDatabase.iOS.csproj", "{CE5CD768-CFD2-4DB1-A3E0-30D3DFDCEF97}"
EndProject
Project("{FAE04EC0-301F-11D3-BF4B-00C04F79EFBC}") = "MovieDatabase.UWP", "MovieDatabase\MovieDatabase.UWP\MovieDatabase.UWP.csproj", "{9F941C02-2719-48D3-9536-7DB6038CF62B}"
EndProject
Global
	GlobalSection(SharedMSBuildProjectFiles) = preSolution
		MovieDatabase\MovieDatabase\MovieDatabase.projitems*{13766990-e617-4613-ab7b-290ec7117c56}*SharedItemsImports = 4
		MovieDatabase\MovieDatabase\MovieDatabase.projitems*{9f941c02-2719-48d3-9536-7db6038cf62b}*SharedItemsImports = 4
		MovieDatabase\MovieDatabase\MovieDatabase.projitems*{a9040a6c-84c1-4621-9149-b1e341c6a9a7}*SharedItemsImports = 13
		MovieDatabase\MovieDatabase\MovieDatabase.projitems*{ce5cd768-cfd2-4db1-a3e0-30d3dfdcef97}*SharedItemsImports = 4
	EndGlobalSection
	GlobalSection(SolutionConfigurationPlatforms) = preSolution
		Ad-Hoc|Any CPU = Ad-Hoc|Any CPU
		Ad-Hoc|ARM = Ad-Hoc|ARM
		Ad-Hoc|iPhone = Ad-Hoc|iPhone
		Ad-Hoc|iPhoneSimulator = Ad-Hoc|iPhoneSimulator
		Ad-Hoc|x64 = Ad-Hoc|x64
		Ad-Hoc|x86 = Ad-Hoc|x86
		AppStore|Any CPU = AppStore|Any CPU
		AppStore|ARM = AppStore|ARM
		AppStore|iPhone = AppStore|iPhone
		AppStore|iPhoneSimulator = AppStore|iPhoneSimulator
		AppStore|x64 = AppStore|x64
		AppStore|x86 = AppStore|x86
		Debug|Any CPU = Debug|Any CPU
		Debug|ARM = Debug|ARM
		Debug|iPhone = Debug|iPhone
		Debug|iPhoneSimulator = Debug|iPhoneSimulator
		Debug|x64 = Debug|x64
		Debug|x86 = Debug|x86
		Release|Any CPU = Release|Any CPU
		Release|ARM = Release|ARM
		Release|iPhone = Release|iPhone
		Release|iPhoneSimulator = Release|iPhoneSimulator
		Release|x64 = Release|x64
		Release|x86 = Release|x86
	EndGlobalSection
	GlobalSection(ProjectConfigurationPlatforms) = postSolution
		{13766990-E617-4613-AB7B-290EC7117C56}.Ad-Hoc|Any CPU.ActiveCfg = Release|Any CPU
		{13766990-E617-4613-AB7B-290EC7117C56}.Ad-Hoc|Any CPU.Build.0 = Release|Any CPU
		{13766990-E617-4613-AB7B-290EC7117C56}.Ad-Hoc|Any CPU.Deploy.0 = Release|Any CPU
		{13766990-E617-4613-AB7B-290EC7117C56}.Ad-Hoc|ARM.ActiveCfg = Release|Any CPU
		{13766990-E617-4613-AB7B-290EC7117C56}.Ad-Hoc|ARM.Build.0 = Release|Any CPU
		{13766990-E617-4613-AB7B-290EC7117C56}.Ad-Hoc|ARM.Deploy.0 = Release|Any CPU
		{13766990-E617-4613-AB7B-290EC7117C56}.Ad-Hoc|iPhone.ActiveCfg = Release|Any CPU
		{13766990-E617-4613-AB7B-290EC7117C56}.Ad-Hoc|iPhone.Build.0 = Release|Any CPU
		{13766990-E617-4613-AB7B-290EC7117C56}.Ad-Hoc|iPhone.Deploy.0 = Release|Any CPU
		{13766990-E617-4613-AB7B-290EC7117C56}.Ad-Hoc|iPhoneSimulator.ActiveCfg = Release|Any CPU
		{13766990-E617-4613-AB7B-290EC7117C56}.Ad-Hoc|iPhoneSimulator.Build.0 = Release|Any CPU
		{13766990-E617-4613-AB7B-290EC7117C56}.Ad-Hoc|iPhoneSimulator.Deploy.0 = Release|Any CPU
		{13766990-E617-4613-AB7B-290EC7117C56}.Ad-Hoc|x64.ActiveCfg = Release|Any CPU
		{13766990-E617-4613-AB7B-290EC7117C56}.Ad-Hoc|x64.Build.0 = Release|Any CPU
		{13766990-E617-4613-AB7B-290EC7117C56}.Ad-Hoc|x64.Deploy.0 = Release|Any CPU
		{13766990-E617-4613-AB7B-290EC7117C56}.Ad-Hoc|x86.ActiveCfg = Release|Any CPU
		{13766990-E617-4613-AB7B-290EC7117C56}.Ad-Hoc|x86.Build.0 = Release|Any CPU
		{13766990-E617-4613-AB7B-290EC7117C56}.Ad-Hoc|x86.Deploy.0 = Release|Any CPU
		{13766990-E617-4613-AB7B-290EC7117C56}.AppStore|Any CPU.ActiveCfg = Release|Any CPU
		{13766990-E617-4613-AB7B-290EC7117C56}.AppStore|Any CPU.Build.0 = Release|Any CPU
		{13766990-E617-4613-AB7B-290EC7117C56}.AppStore|Any CPU.Deploy.0 = Release|Any CPU
		{13766990-E617-4613-AB7B-290EC7117C56}.AppStore|ARM.ActiveCfg = Release|Any CPU
		{13766990-E617-4613-AB7B-290EC7117C56}.AppStore|ARM.Build.0 = Release|Any CPU
		{13766990-E617-4613-AB7B-290EC7117C56}.AppStore|ARM.Deploy.0 = Release|Any CPU
		{13766990-E617-4613-AB7B-290EC7117C56}.AppStore|iPhone.ActiveCfg = Release|Any CPU
		{13766990-E617-4613-AB7B-290EC7117C56}.AppStore|iPhone.Build.0 = Release|Any CPU
		{13766990-E617-4613-AB7B-290EC7117C56}.AppStore|iPhone.Deploy.0 = Release|Any CPU
		{13766990-E617-4613-AB7B-290EC7117C56}.AppStore|iPhoneSimulator.ActiveCfg = Release|Any CPU
		{13766990-E617-4613-AB7B-290EC7117C56}.AppStore|iPhoneSimulator.Build.0 = Release|Any CPU
		{13766990-E617-4613-AB7B-290EC7117C56}.AppStore|iPhoneSimulator.Deploy.0 = Release|Any CPU
		{13766990-E617-4613-AB7B-290EC7117C56}.AppStore|x64.ActiveCfg = Release|Any CPU
		{13766990-E617-4613-AB7B-290EC7117C56}.AppStore|x64.Build.0 = Release|Any CPU
		{13766990-E617-4613-AB7B-290EC7117C56}.AppStore|x64.Deploy.0 = Release|Any CPU
		{13766990-E617-4613-AB7B-290EC7117C56}.AppStore|x86.ActiveCfg = Release|Any CPU
		{13766990-E617-4613-AB7B-290EC7117C56}.AppStore|x86.Build.0 = Release|Any CPU
		{13766990-E617-4613-AB7B-290EC7117C56}.AppStore|x86.Deploy.0 = Release|Any CPU
		{13766990-E617-4613-AB7B-290EC7117C56}.Debug|Any CPU.ActiveCfg = Debug|Any CPU
		{13766990-E617-4613-AB7B-290EC7117C56}.Debug|Any CPU.Build.0 = Debug|Any CPU
		{13766990-E617-4613-AB7B-290EC7117C56}.Debug|Any CPU.Deploy.0 = Debug|Any CPU
		{13766990-E617-4613-AB7B-290EC7117C56}.Debug|ARM.ActiveCfg = Debug|Any CPU
		{13766990-E617-4613-AB7B-290EC7117C56}.Debug|ARM.Build.0 = Debug|Any CPU
		{13766990-E617-4613-AB7B-290EC7117C56}.Debug|ARM.Deploy.0 = Debug|Any CPU
		{13766990-E617-4613-AB7B-290EC7117C56}.Debug|iPhone.ActiveCfg = Debug|Any CPU
		{13766990-E617-4613-AB7B-290EC7117C56}.Debug|iPhone.Build.0 = Debug|Any CPU
		{13766990-E617-4613-AB7B-290EC7117C56}.Debug|iPhone.Deploy.0 = Debug|Any CPU
		{13766990-E617-4613-AB7B-290EC7117C56}.Debug|iPhoneSimulator.ActiveCfg = Debug|Any CPU
		{13766990-E617-4613-AB7B-290EC7117C56}.Debug|iPhoneSimulator.Build.0 = Debug|Any CPU
		{13766990-E617-4613-AB7B-290EC7117C56}.Debug|iPhoneSimulator.Deploy.0 = Debug|Any CPU
		{13766990-E617-4613-AB7B-290EC7117C56}.Debug|x64.ActiveCfg = Debug|Any CPU
		{13766990-E617-4613-AB7B-290EC7117C56}.Debug|x64.Build.0 = Debug|Any CPU
		{13766990-E617-4613-AB7B-290EC7117C56}.Debug|x64.Deploy.0 = Debug|Any CPU
		{13766990-E617-4613-AB7B-290EC7117C56}.Debug|x86.ActiveCfg = Debug|Any CPU
		{13766990-E617-4613-AB7B-290EC7117C56}.Debug|x86.Build.0 = Debug|Any CPU
		{13766990-E617-4613-AB7B-290EC7117C56}.Debug|x86.Deploy.0 = Debug|Any CPU
		{13766990-E617-4613-AB7B-290EC7117C56}.Release|Any CPU.ActiveCfg = Release|Any CPU
		{13766990-E617-4613-AB7B-290EC7117C56}.Release|Any CPU.Build.0 = Release|Any CPU
		{13766990-E617-4613-AB7B-290EC7117C56}.Release|Any CPU.Deploy.0 = Release|Any CPU
		{13766990-E617-4613-AB7B-290EC7117C56}.Release|ARM.ActiveCfg = Release|Any CPU
		{13766990-E617-4613-AB7B-290EC7117C56}.Release|ARM.Build.0 = Release|Any CPU
		{13766990-E617-4613-AB7B-290EC7117C56}.Release|ARM.Deploy.0 = Release|Any CPU
		{13766990-E617-4613-AB7B-290EC7117C56}.Release|iPhone.ActiveCfg = Release|Any CPU
		{13766990-E617-4613-AB7B-290EC7117C56}.Release|iPhone.Build.0 = Release|Any CPU
		{13766990-E617-4613-AB7B-290EC7117C56}.Release|iPhone.Deploy.0 = Release|Any CPU
		{13766990-E617-4613-AB7B-290EC7117C56}.Release|iPhoneSimulator.ActiveCfg = Release|Any CPU
		{13766990-E617-4613-AB7B-290EC7117C56}.Release|iPhoneSimulator.Build.0 = Release|Any CPU
		{13766990-E617-4613-AB7B-290EC7117C56}.Release|iPhoneSimulator.Deploy.0 = Release|Any CPU
		{13766990-E617-4613-AB7B-290EC7117C56}.Release|x64.ActiveCfg = Release|Any CPU
		{13766990-E617-4613-AB7B-290EC7117C56}.Release|x64.Build.0 = Release|Any CPU
		{13766990-E617-4613-AB7B-290EC7117C56}.Release|x64.Deploy.0 = Release|Any CPU
		{13766990-E617-4613-AB7B-290EC7117C56}.Release|x86.ActiveCfg = Release|Any CPU
		{13766990-E617-4613-AB7B-290EC7117C56}.Release|x86.Build.0 = Release|Any CPU
		{13766990-E617-4613-AB7B-290EC7117C56}.Release|x86.Deploy.0 = Release|Any CPU
		{CE5CD768-CFD2-4DB1-A3E0-30D3DFDCEF97}.Ad-Hoc|Any CPU.ActiveCfg = Ad-Hoc|iPhone
		{CE5CD768-CFD2-4DB1-A3E0-30D3DFDCEF97}.Ad-Hoc|ARM.ActiveCfg = Ad-Hoc|iPhone
		{CE5CD768-CFD2-4DB1-A3E0-30D3DFDCEF97}.Ad-Hoc|iPhone.ActiveCfg = Ad-Hoc|iPhone
		{CE5CD768-CFD2-4DB1-A3E0-30D3DFDCEF97}.Ad-Hoc|iPhone.Build.0 = Ad-Hoc|iPhone
		{CE5CD768-CFD2-4DB1-A3E0-30D3DFDCEF97}.Ad-Hoc|iPhoneSimulator.ActiveCfg = Ad-Hoc|iPhoneSimulator
		{CE5CD768-CFD2-4DB1-A3E0-30D3DFDCEF97}.Ad-Hoc|iPhoneSimulator.Build.0 = Ad-Hoc|iPhoneSimulator
		{CE5CD768-CFD2-4DB1-A3E0-30D3DFDCEF97}.Ad-Hoc|x64.ActiveCfg = Ad-Hoc|iPhone
		{CE5CD768-CFD2-4DB1-A3E0-30D3DFDCEF97}.Ad-Hoc|x86.ActiveCfg = Ad-Hoc|iPhone
		{CE5CD768-CFD2-4DB1-A3E0-30D3DFDCEF97}.AppStore|Any CPU.ActiveCfg = AppStore|iPhone
		{CE5CD768-CFD2-4DB1-A3E0-30D3DFDCEF97}.AppStore|ARM.ActiveCfg = AppStore|iPhone
		{CE5CD768-CFD2-4DB1-A3E0-30D3DFDCEF97}.AppStore|iPhone.ActiveCfg = AppStore|iPhone
		{CE5CD768-CFD2-4DB1-A3E0-30D3DFDCEF97}.AppStore|iPhone.Build.0 = AppStore|iPhone
		{CE5CD768-CFD2-4DB1-A3E0-30D3DFDCEF97}.AppStore|iPhoneSimulator.ActiveCfg = AppStore|iPhoneSimulator
		{CE5CD768-CFD2-4DB1-A3E0-30D3DFDCEF97}.AppStore|iPhoneSimulator.Build.0 = AppStore|iPhoneSimulator
		{CE5CD768-CFD2-4DB1-A3E0-30D3DFDCEF97}.AppStore|x64.ActiveCfg = AppStore|iPhone
		{CE5CD768-CFD2-4DB1-A3E0-30D3DFDCEF97}.AppStore|x86.ActiveCfg = AppStore|iPhone
		{CE5CD768-CFD2-4DB1-A3E0-30D3DFDCEF97}.Debug|Any CPU.ActiveCfg = Debug|iPhone
		{CE5CD768-CFD2-4DB1-A3E0-30D3DFDCEF97}.Debug|ARM.ActiveCfg = Debug|iPhone
		{CE5CD768-CFD2-4DB1-A3E0-30D3DFDCEF97}.Debug|iPhone.ActiveCfg = Debug|iPhone
		{CE5CD768-CFD2-4DB1-A3E0-30D3DFDCEF97}.Debug|iPhone.Build.0 = Debug|iPhone
		{CE5CD768-CFD2-4DB1-A3E0-30D3DFDCEF97}.Debug|iPhoneSimulator.ActiveCfg = Debug|iPhoneSimulator
		{CE5CD768-CFD2-4DB1-A3E0-30D3DFDCEF97}.Debug|iPhoneSimulator.Build.0 = Debug|iPhoneSimulator
		{CE5CD768-CFD2-4DB1-A3E0-30D3DFDCEF97}.Debug|x64.ActiveCfg = Debug|iPhone
		{CE5CD768-CFD2-4DB1-A3E0-30D3DFDCEF97}.Debug|x86.ActiveCfg = Debug|iPhone
		{CE5CD768-CFD2-4DB1-A3E0-30D3DFDCEF97}.Release|Any CPU.ActiveCfg = Release|iPhone
		{CE5CD768-CFD2-4DB1-A3E0-30D3DFDCEF97}.Release|ARM.ActiveCfg = Release|iPhone
		{CE5CD768-CFD2-4DB1-A3E0-30D3DFDCEF97}.Release|iPhone.ActiveCfg = Release|iPhone
		{CE5CD768-CFD2-4DB1-A3E0-30D3DFDCEF97}.Release|iPhone.Build.0 = Release|iPhone
		{CE5CD768-CFD2-4DB1-A3E0-30D3DFDCEF97}.Release|iPhoneSimulator.ActiveCfg = Release|iPhoneSimulator
		{CE5CD768-CFD2-4DB1-A3E0-30D3DFDCEF97}.Release|iPhoneSimulator.Build.0 = Release|iPhoneSimulator
		{CE5CD768-CFD2-4DB1-A3E0-30D3DFDCEF97}.Release|x64.ActiveCfg = Release|iPhone
		{CE5CD768-CFD2-4DB1-A3E0-30D3DFDCEF97}.Release|x86.ActiveCfg = Release|iPhone
		{9F941C02-2719-48D3-9536-7DB6038CF62B}.Ad-Hoc|Any CPU.ActiveCfg = Release|x86
		{9F941C02-2719-48D3-9536-7DB6038CF62B}.Ad-Hoc|Any CPU.Build.0 = Release|x86
		{9F941C02-2719-48D3-9536-7DB6038CF62B}.Ad-Hoc|Any CPU.Deploy.0 = Release|x86
		{9F941C02-2719-48D3-9536-7DB6038CF62B}.Ad-Hoc|ARM.ActiveCfg = Release|ARM
		{9F941C02-2719-48D3-9536-7DB6038CF62B}.Ad-Hoc|ARM.Build.0 = Release|ARM
		{9F941C02-2719-48D3-9536-7DB6038CF62B}.Ad-Hoc|ARM.Deploy.0 = Release|ARM
		{9F941C02-2719-48D3-9536-7DB6038CF62B}.Ad-Hoc|iPhone.ActiveCfg = Release|x86
		{9F941C02-2719-48D3-9536-7DB6038CF62B}.Ad-Hoc|iPhone.Build.0 = Release|x86
		{9F941C02-2719-48D3-9536-7DB6038CF62B}.Ad-Hoc|iPhone.Deploy.0 = Release|x86
		{9F941C02-2719-48D3-9536-7DB6038CF62B}.Ad-Hoc|iPhoneSimulator.ActiveCfg = Release|x86
		{9F941C02-2719-48D3-9536-7DB6038CF62B}.Ad-Hoc|iPhoneSimulator.Build.0 = Release|x86
		{9F941C02-2719-48D3-9536-7DB6038CF62B}.Ad-Hoc|iPhoneSimulator.Deploy.0 = Release|x86
		{9F941C02-2719-48D3-9536-7DB6038CF62B}.Ad-Hoc|x64.ActiveCfg = Release|x64
		{9F941C02-2719-48D3-9536-7DB6038CF62B}.Ad-Hoc|x64.Build.0 = Release|x64
		{9F941C02-2719-48D3-9536-7DB6038CF62B}.Ad-Hoc|x64.Deploy.0 = Release|x64
		{9F941C02-2719-48D3-9536-7DB6038CF62B}.Ad-Hoc|x86.ActiveCfg = Release|x86
		{9F941C02-2719-48D3-9536-7DB6038CF62B}.Ad-Hoc|x86.Build.0 = Release|x86
		{9F941C02-2719-48D3-9536-7DB6038CF62B}.Ad-Hoc|x86.Deploy.0 = Release|x86
		{9F941C02-2719-48D3-9536-7DB6038CF62B}.AppStore|Any CPU.ActiveCfg = Release|x86
		{9F941C02-2719-48D3-9536-7DB6038CF62B}.AppStore|Any CPU.Build.0 = Release|x86
		{9F941C02-2719-48D3-9536-7DB6038CF62B}.AppStore|Any CPU.Deploy.0 = Release|x86
		{9F941C02-2719-48D3-9536-7DB6038CF62B}.AppStore|ARM.ActiveCfg = Release|ARM
		{9F941C02-2719-48D3-9536-7DB6038CF62B}.AppStore|ARM.Build.0 = Release|ARM
		{9F941C02-2719-48D3-9536-7DB6038CF62B}.AppStore|ARM.Deploy.0 = Release|ARM
		{9F941C02-2719-48D3-9536-7DB6038CF62B}.AppStore|iPhone.ActiveCfg = Release|x86
		{9F941C02-2719-48D3-9536-7DB6038CF62B}.AppStore|iPhone.Build.0 = Release|x86
		{9F941C02-2719-48D3-9536-7DB6038CF62B}.AppStore|iPhone.Deploy.0 = Release|x86
		{9F941C02-2719-48D3-9536-7DB6038CF62B}.AppStore|iPhoneSimulator.ActiveCfg = Release|x86
		{9F941C02-2719-48D3-9536-7DB6038CF62B}.AppStore|iPhoneSimulator.Build.0 = Release|x86
		{9F941C02-2719-48D3-9536-7DB6038CF62B}.AppStore|iPhoneSimulator.Deploy.0 = Release|x86
		{9F941C02-2719-48D3-9536-7DB6038CF62B}.AppStore|x64.ActiveCfg = Release|x64
		{9F941C02-2719-48D3-9536-7DB6038CF62B}.AppStore|x64.Build.0 = Release|x64
		{9F941C02-2719-48D3-9536-7DB6038CF62B}.AppStore|x64.Deploy.0 = Release|x64
		{9F941C02-2719-48D3-9536-7DB6038CF62B}.AppStore|x86.ActiveCfg = Release|x86
		{9F941C02-2719-48D3-9536-7DB6038CF62B}.AppStore|x86.Build.0 = Release|x86
		{9F941C02-2719-48D3-9536-7DB6038CF62B}.AppStore|x86.Deploy.0 = Release|x86
		{9F941C02-2719-48D3-9536-7DB6038CF62B}.Debug|Any CPU.ActiveCfg = Debug|x86
		{9F941C02-2719-48D3-9536-7DB6038CF62B}.Debug|ARM.ActiveCfg = Debug|ARM
		{9F941C02-2719-48D3-9536-7DB6038CF62B}.Debug|ARM.Build.0 = Debug|ARM
		{9F941C02-2719-48D3-9536-7DB6038CF62B}.Debug|ARM.Deploy.0 = Debug|ARM
		{9F941C02-2719-48D3-9536-7DB6038CF62B}.Debug|iPhone.ActiveCfg = Debug|x86
		{9F941C02-2719-48D3-9536-7DB6038CF62B}.Debug|iPhoneSimulator.ActiveCfg = Debug|x86
		{9F941C02-2719-48D3-9536-7DB6038CF62B}.Debug|x64.ActiveCfg = Debug|x64
		{9F941C02-2719-48D3-9536-7DB6038CF62B}.Debug|x64.Build.0 = Debug|x64
		{9F941C02-2719-48D3-9536-7DB6038CF62B}.Debug|x64.Deploy.0 = Debug|x64
		{9F941C02-2719-48D3-9536-7DB6038CF62B}.Debug|x86.ActiveCfg = Debug|x86
		{9F941C02-2719-48D3-9536-7DB6038CF62B}.Debug|x86.Build.0 = Debug|x86
		{9F941C02-2719-48D3-9536-7DB6038CF62B}.Debug|x86.Deploy.0 = Debug|x86
		{9F941C02-2719-48D3-9536-7DB6038CF62B}.Release|Any CPU.ActiveCfg = Release|x86
		{9F941C02-2719-48D3-9536-7DB6038CF62B}.Release|ARM.ActiveCfg = Release|ARM
		{9F941C02-2719-48D3-9536-7DB6038CF62B}.Release|ARM.Build.0 = Release|ARM
		{9F941C02-2719-48D3-9536-7DB6038CF62B}.Release|ARM.Deploy.0 = Release|ARM
		{9F941C02-2719-48D3-9536-7DB6038CF62B}.Release|iPhone.ActiveCfg = Release|x86
		{9F941C02-2719-48D3-9536-7DB6038CF62B}.Release|iPhoneSimulator.ActiveCfg = Release|x86
		{9F941C02-2719-48D3-9536-7DB6038CF62B}.Release|x64.ActiveCfg = Release|x64
		{9F941C02-2719-48D3-9536-7DB6038CF62B}.Release|x64.Build.0 = Release|x64
		{9F941C02-2719-48D3-9536-7DB6038CF62B}.Release|x64.Deploy.0 = Release|x64
		{9F941C02-2719-48D3-9536-7DB6038CF62B}.Release|x86.ActiveCfg = Release|x86
		{9F941C02-2719-48D3-9536-7DB6038CF62B}.Release|x86.Build.0 = Release|x86
		{9F941C02-2719-48D3-9536-7DB6038CF62B}.Release|x86.Deploy.0 = Release|x86
	EndGlobalSection
	GlobalSection(SolutionProperties) = preSolution
		HideSolutionNode = FALSE
	EndGlobalSection
EndGlobal
